# This file was autogenerated by Stack.
# You should not edit this file by hand.
# For more information, please see the documentation at:
#   https://docs.haskellstack.org/en/stable/lock_files

packages: []
snapshots:
- completed:
    size: 539277
    url: https://raw.githubusercontent.com/commercialhaskell/stackage-snapshots/master/nightly/2020/10/13.yaml
    sha256: a9ac3633d256c677fe9af2023f6e9b6ee6e0728fcd1b9bdd9c3839933597757c
  original: nightly-2020-10-13
